
Microsoft Visual Studio Solution File, Format Version 12.00
# Visual Studio Version 17
VisualStudioVersion = 17.4.33205.214
MinimumVisualStudioVersion = 10.0.40219.1
Project("{FAE04EC0-301F-11D3-BF4B-00C04F79EFBC}") = "BasicSintezier", "BasicSintezier\BasicSintezier.csproj", "{462F9BE2-8BA7-423C-B28B-91FD08FA2D41}"
EndProject
Global
	GlobalSection(SolutionConfigurationPlatforms) = preSolution
		Debug|Any CPU = Debug|Any CPU
		Release|Any CPU = Release|Any CPU
	EndGlobalSection
	GlobalSection(ProjectConfigurationPlatforms) = postSolution
		{462F9BE2-8BA7-423C-B28B-91FD08FA2D41}.Debug|Any CPU.ActiveCfg = Debug|Any CPU
		{462F9BE2-8BA7-423C-B28B-91FD08FA2D41}.Debug|Any CPU.Build.0 = Debug|Any CPU
		{462F9BE2-8BA7-423C-B28B-91FD08FA2D41}.Release|Any CPU.ActiveCfg = Release|Any CPU
		{462F9BE2-8BA7-423C-B28B-91FD08FA2D41}.Release|Any CPU.Build.0 = Release|Any CPU
	EndGlobalSection
	GlobalSection(SolutionProperties) = preSolution
		HideSolutionNode = FALSE
	EndGlobalSection
	GlobalSection(ExtensibilityGlobals) = postSolution
		SolutionGuid = {5569655F-5EA0-4BE9-9312-8B01B2AE714D}
	EndGlobalSection
EndGlobal
